// !$*UTF8*$!
{
	archiveVersion = 1;
	classes = {
	};
	objectVersion = 50;
	objects = {

/* Begin PBXBuildFile section */
		19BA032B7AC031ED8B47D82A /* Pods_Coins_ph.framework in Frameworks */ = {isa = PBXBuildFile; fileRef = 0879120841FA5145B3994FC7 /* Pods_Coins_ph.framework */; };
		21E4A4A2263DBDD700635D12 /* WalletsUseCaseStateTests.swift in Sources */ = {isa = PBXBuildFile; fileRef = 21E4A4A1263DBDD700635D12 /* WalletsUseCaseStateTests.swift */; };
		21E4A4AA263DBF3700635D12 /* WalletRepositoryMock.swift in Sources */ = {isa = PBXBuildFile; fileRef = 21E4A4A9263DBF3700635D12 /* WalletRepositoryMock.swift */; };
		21E4A4B0263DC08700635D12 /* StubProtocol.swift in Sources */ = {isa = PBXBuildFile; fileRef = 21E4A4AF263DC08700635D12 /* StubProtocol.swift */; };
		21E4A4B8263DC0CB00635D12 /* WalletsUseCaseTestData.swift in Sources */ = {isa = PBXBuildFile; fileRef = 21E4A4B7263DC0CB00635D12 /* WalletsUseCaseTestData.swift */; };
		21E4A4EB263DCE8D00635D12 /* Array+StabProtocol.swift in Sources */ = {isa = PBXBuildFile; fileRef = 21E4A4EA263DCE8D00635D12 /* Array+StabProtocol.swift */; };
		21E4A4F0263DD27A00635D12 /* HistoryUseCaseStateTests.swift in Sources */ = {isa = PBXBuildFile; fileRef = 21E4A4EF263DD27A00635D12 /* HistoryUseCaseStateTests.swift */; };
		21E4A4F6263DD2A200635D12 /* HistoryRepositoryMock.swift in Sources */ = {isa = PBXBuildFile; fileRef = 21E4A4F5263DD2A200635D12 /* HistoryRepositoryMock.swift */; };
		21E4A4FA263DD30900635D12 /* HistoryUseCaseTestData.swift in Sources */ = {isa = PBXBuildFile; fileRef = 21E4A4F9263DD30900635D12 /* HistoryUseCaseTestData.swift */; };
		21E4A567263DEEAC00635D12 /* DashboardViewModelEventTest.swift in Sources */ = {isa = PBXBuildFile; fileRef = 21E4A566263DEEAC00635D12 /* DashboardViewModelEventTest.swift */; };
		21E4A576263DEFE100635D12 /* WalletUseCaseMock.swift in Sources */ = {isa = PBXBuildFile; fileRef = 21E4A575263DEFE100635D12 /* WalletUseCaseMock.swift */; };
		21E4A57A263DEFF700635D12 /* HistoryUseCaseMock.swift in Sources */ = {isa = PBXBuildFile; fileRef = 21E4A579263DEFF700635D12 /* HistoryUseCaseMock.swift */; };
		21E4A5F1263DF8A400635D12 /* MoyaWalletsDataLayerTest.swift in Sources */ = {isa = PBXBuildFile; fileRef = 21E4A5F0263DF8A400635D12 /* MoyaWalletsDataLayerTest.swift */; };
		21E4A5F7263DF8BB00635D12 /* MoyaHistoryDataLayerTest.swift in Sources */ = {isa = PBXBuildFile; fileRef = 21E4A5F6263DF8BB00635D12 /* MoyaHistoryDataLayerTest.swift */; };
		21E4A5FB263DFC3C00635D12 /* wallets.json in Resources */ = {isa = PBXBuildFile; fileRef = 21E4A5FA263DFC3C00635D12 /* wallets.json */; };
		21E4A5FF263DFC6500635D12 /* histories.json in Resources */ = {isa = PBXBuildFile; fileRef = 21E4A5FE263DFC6500635D12 /* histories.json */; };
		4680049A0520D45BFACA3E0A /* Pods_Coins_phTests.framework in Frameworks */ = {isa = PBXBuildFile; fileRef = FF224A5AAC06C8CAE46826F5 /* Pods_Coins_phTests.framework */; };
		807AB8772584B7DF0044674A /* AppDelegate.swift in Sources */ = {isa = PBXBuildFile; fileRef = 807AB8762584B7DF0044674A /* AppDelegate.swift */; };
		807AB8792584B7DF0044674A /* SceneDelegate.swift in Sources */ = {isa = PBXBuildFile; fileRef = 807AB8782584B7DF0044674A /* SceneDelegate.swift */; };
		807AB87D2584B7E20044674A /* Assets.xcassets in Resources */ = {isa = PBXBuildFile; fileRef = 807AB87C2584B7E20044674A /* Assets.xcassets */; };
		807AB8802584B7E20044674A /* Preview Assets.xcassets in Resources */ = {isa = PBXBuildFile; fileRef = 807AB87F2584B7E20044674A /* Preview Assets.xcassets */; };
		807AB8832584B7E20044674A /* LaunchScreen.storyboard in Resources */ = {isa = PBXBuildFile; fileRef = 807AB8812584B7E20044674A /* LaunchScreen.storyboard */; };
/* End PBXBuildFile section */

/* Begin PBXContainerItemProxy section */
		807AB88A2584B7E20044674A /* PBXContainerItemProxy */ = {
			isa = PBXContainerItemProxy;
			containerPortal = 807AB86B2584B7DF0044674A /* Project object */;
			proxyType = 1;
			remoteGlobalIDString = 807AB8722584B7DF0044674A;
			remoteInfo = clubs_n_sections;
		};
/* End PBXContainerItemProxy section */

/* Begin PBXFileReference section */
		072E8FE16BC5519AB1C5F339 /* Pods-Coins.phTests.debug.xcconfig */ = {isa = PBXFileReference; includeInIndex = 1; lastKnownFileType = text.xcconfig; name = "Pods-Coins.phTests.debug.xcconfig"; path = "Target Support Files/Pods-Coins.phTests/Pods-Coins.phTests.debug.xcconfig"; sourceTree = "<group>"; };
		0879120841FA5145B3994FC7 /* Pods_Coins_ph.framework */ = {isa = PBXFileReference; explicitFileType = wrapper.framework; includeInIndex = 0; path = Pods_Coins_ph.framework; sourceTree = BUILT_PRODUCTS_DIR; };
		0BEB453C88D6776B1D385DDA /* Pods-Coins.ph.release.xcconfig */ = {isa = PBXFileReference; includeInIndex = 1; lastKnownFileType = text.xcconfig; name = "Pods-Coins.ph.release.xcconfig"; path = "Target Support Files/Pods-Coins.ph/Pods-Coins.ph.release.xcconfig"; sourceTree = "<group>"; };
		1CE7BBF76E397EB18D48CE96 /* Pods-Coins.ph.debug.xcconfig */ = {isa = PBXFileReference; includeInIndex = 1; lastKnownFileType = text.xcconfig; name = "Pods-Coins.ph.debug.xcconfig"; path = "Target Support Files/Pods-Coins.ph/Pods-Coins.ph.debug.xcconfig"; sourceTree = "<group>"; };
		21E4A4A1263DBDD700635D12 /* WalletsUseCaseStateTests.swift */ = {isa = PBXFileReference; lastKnownFileType = sourcecode.swift; path = WalletsUseCaseStateTests.swift; sourceTree = "<group>"; };
		21E4A4A9263DBF3700635D12 /* WalletRepositoryMock.swift */ = {isa = PBXFileReference; lastKnownFileType = sourcecode.swift; path = WalletRepositoryMock.swift; sourceTree = "<group>"; };
		21E4A4AF263DC08700635D12 /* StubProtocol.swift */ = {isa = PBXFileReference; lastKnownFileType = sourcecode.swift; path = StubProtocol.swift; sourceTree = "<group>"; };
		21E4A4B7263DC0CB00635D12 /* WalletsUseCaseTestData.swift */ = {isa = PBXFileReference; lastKnownFileType = sourcecode.swift; path = WalletsUseCaseTestData.swift; sourceTree = "<group>"; };
		21E4A4EA263DCE8D00635D12 /* Array+StabProtocol.swift */ = {isa = PBXFileReference; lastKnownFileType = sourcecode.swift; path = "Array+StabProtocol.swift"; sourceTree = "<group>"; };
		21E4A4EF263DD27A00635D12 /* HistoryUseCaseStateTests.swift */ = {isa = PBXFileReference; lastKnownFileType = sourcecode.swift; path = HistoryUseCaseStateTests.swift; sourceTree = "<group>"; };
		21E4A4F5263DD2A200635D12 /* HistoryRepositoryMock.swift */ = {isa = PBXFileReference; lastKnownFileType = sourcecode.swift; path = HistoryRepositoryMock.swift; sourceTree = "<group>"; };
		21E4A4F9263DD30900635D12 /* HistoryUseCaseTestData.swift */ = {isa = PBXFileReference; lastKnownFileType = sourcecode.swift; path = HistoryUseCaseTestData.swift; sourceTree = "<group>"; };
		21E4A566263DEEAC00635D12 /* DashboardViewModelEventTest.swift */ = {isa = PBXFileReference; lastKnownFileType = sourcecode.swift; path = DashboardViewModelEventTest.swift; sourceTree = "<group>"; };
		21E4A575263DEFE100635D12 /* WalletUseCaseMock.swift */ = {isa = PBXFileReference; lastKnownFileType = sourcecode.swift; path = WalletUseCaseMock.swift; sourceTree = "<group>"; };
		21E4A579263DEFF700635D12 /* HistoryUseCaseMock.swift */ = {isa = PBXFileReference; lastKnownFileType = sourcecode.swift; path = HistoryUseCaseMock.swift; sourceTree = "<group>"; };
		21E4A5F0263DF8A400635D12 /* MoyaWalletsDataLayerTest.swift */ = {isa = PBXFileReference; lastKnownFileType = sourcecode.swift; path = MoyaWalletsDataLayerTest.swift; sourceTree = "<group>"; };
		21E4A5F6263DF8BB00635D12 /* MoyaHistoryDataLayerTest.swift */ = {isa = PBXFileReference; lastKnownFileType = sourcecode.swift; path = MoyaHistoryDataLayerTest.swift; sourceTree = "<group>"; };
		21E4A5FA263DFC3C00635D12 /* wallets.json */ = {isa = PBXFileReference; lastKnownFileType = text.json; path = wallets.json; sourceTree = "<group>"; };
		21E4A5FE263DFC6500635D12 /* histories.json */ = {isa = PBXFileReference; lastKnownFileType = text.json; path = histories.json; sourceTree = "<group>"; };
		807AB8732584B7DF0044674A /* Coins.ph.app */ = {isa = PBXFileReference; explicitFileType = wrapper.application; includeInIndex = 0; path = Coins.ph.app; sourceTree = BUILT_PRODUCTS_DIR; };
		807AB8762584B7DF0044674A /* AppDelegate.swift */ = {isa = PBXFileReference; lastKnownFileType = sourcecode.swift; path = AppDelegate.swift; sourceTree = "<group>"; };
		807AB8782584B7DF0044674A /* SceneDelegate.swift */ = {isa = PBXFileReference; lastKnownFileType = sourcecode.swift; path = SceneDelegate.swift; sourceTree = "<group>"; };
		807AB87C2584B7E20044674A /* Assets.xcassets */ = {isa = PBXFileReference; lastKnownFileType = folder.assetcatalog; path = Assets.xcassets; sourceTree = "<group>"; };
		807AB87F2584B7E20044674A /* Preview Assets.xcassets */ = {isa = PBXFileReference; lastKnownFileType = folder.assetcatalog; path = "Preview Assets.xcassets"; sourceTree = "<group>"; };
		807AB8822584B7E20044674A /* Base */ = {isa = PBXFileReference; lastKnownFileType = file.storyboard; name = Base; path = Base.lproj/LaunchScreen.storyboard; sourceTree = "<group>"; };
		807AB8842584B7E20044674A /* Info.plist */ = {isa = PBXFileReference; lastKnownFileType = text.plist.xml; path = Info.plist; sourceTree = "<group>"; };
		807AB8892584B7E20044674A /* Coins.phTests.xctest */ = {isa = PBXFileReference; explicitFileType = wrapper.cfbundle; includeInIndex = 0; path = Coins.phTests.xctest; sourceTree = BUILT_PRODUCTS_DIR; };
		807AB88F2584B7E20044674A /* Info.plist */ = {isa = PBXFileReference; lastKnownFileType = text.plist.xml; path = Info.plist; sourceTree = "<group>"; };
		A251B64D36E36776731D337E /* Pods-Coins.phTests.release.xcconfig */ = {isa = PBXFileReference; includeInIndex = 1; lastKnownFileType = text.xcconfig; name = "Pods-Coins.phTests.release.xcconfig"; path = "Target Support Files/Pods-Coins.phTests/Pods-Coins.phTests.release.xcconfig"; sourceTree = "<group>"; };
		A384EB68101C879A51C249F7 /* Pods-clubs_n_sections.release.xcconfig */ = {isa = PBXFileReference; includeInIndex = 1; lastKnownFileType = text.xcconfig; name = "Pods-clubs_n_sections.release.xcconfig"; path = "Target Support Files/Pods-clubs_n_sections/Pods-clubs_n_sections.release.xcconfig"; sourceTree = "<group>"; };
		C193264430435891FEB6A6FF /* Pods-clubs_n_sections.debug.xcconfig */ = {isa = PBXFileReference; includeInIndex = 1; lastKnownFileType = text.xcconfig; name = "Pods-clubs_n_sections.debug.xcconfig"; path = "Target Support Files/Pods-clubs_n_sections/Pods-clubs_n_sections.debug.xcconfig"; sourceTree = "<group>"; };
		FF224A5AAC06C8CAE46826F5 /* Pods_Coins_phTests.framework */ = {isa = PBXFileReference; explicitFileType = wrapper.framework; includeInIndex = 0; path = Pods_Coins_phTests.framework; sourceTree = BUILT_PRODUCTS_DIR; };
/* End PBXFileReference section */

/* Begin PBXFrameworksBuildPhase section */
		807AB8702584B7DF0044674A /* Frameworks */ = {
			isa = PBXFrameworksBuildPhase;
			buildActionMask = 2147483647;
			files = (
				19BA032B7AC031ED8B47D82A /* Pods_Coins_ph.framework in Frameworks */,
			);
			runOnlyForDeploymentPostprocessing = 0;
		};
		807AB8862584B7E20044674A /* Frameworks */ = {
			isa = PBXFrameworksBuildPhase;
			buildActionMask = 2147483647;
			files = (
				4680049A0520D45BFACA3E0A /* Pods_Coins_phTests.framework in Frameworks */,
			);
			runOnlyForDeploymentPostprocessing = 0;
		};
/* End PBXFrameworksBuildPhase section */

/* Begin PBXGroup section */
		0F895D7B40CDC1FE95CB54A0 /* Frameworks */ = {
			isa = PBXGroup;
			children = (
				0879120841FA5145B3994FC7 /* Pods_Coins_ph.framework */,
				FF224A5AAC06C8CAE46826F5 /* Pods_Coins_phTests.framework */,
			);
			name = Frameworks;
			sourceTree = "<group>";
		};
		21E4A49F263DBD8600635D12 /* Domain */ = {
			isa = PBXGroup;
			children = (
				21E4A4EE263DD25400635D12 /* History */,
				21E4A4A0263DBD9300635D12 /* Wallets */,
			);
			path = Domain;
			sourceTree = "<group>";
		};
		21E4A4A0263DBD9300635D12 /* Wallets */ = {
			isa = PBXGroup;
			children = (
				21E4A4A1263DBDD700635D12 /* WalletsUseCaseStateTests.swift */,
				21E4A4A9263DBF3700635D12 /* WalletRepositoryMock.swift */,
				21E4A4B7263DC0CB00635D12 /* WalletsUseCaseTestData.swift */,
			);
			path = Wallets;
			sourceTree = "<group>";
		};
		21E4A4AE263DC05B00635D12 /* Helpers */ = {
			isa = PBXGroup;
			children = (
				21E4A4AF263DC08700635D12 /* StubProtocol.swift */,
				21E4A4EA263DCE8D00635D12 /* Array+StabProtocol.swift */,
			);
			path = Helpers;
			sourceTree = "<group>";
		};
		21E4A4EE263DD25400635D12 /* History */ = {
			isa = PBXGroup;
			children = (
				21E4A4EF263DD27A00635D12 /* HistoryUseCaseStateTests.swift */,
				21E4A4F5263DD2A200635D12 /* HistoryRepositoryMock.swift */,
				21E4A4F9263DD30900635D12 /* HistoryUseCaseTestData.swift */,
			);
			path = History;
			sourceTree = "<group>";
		};
		21E4A4FD263DD94F00635D12 /* Features */ = {
			isa = PBXGroup;
			children = (
				21E4A4FE263DD96400635D12 /* Dashboard */,
			);
			path = Features;
			sourceTree = "<group>";
		};
		21E4A4FE263DD96400635D12 /* Dashboard */ = {
			isa = PBXGroup;
			children = (
				21E4A566263DEEAC00635D12 /* DashboardViewModelEventTest.swift */,
				21E4A575263DEFE100635D12 /* WalletUseCaseMock.swift */,
				21E4A579263DEFF700635D12 /* HistoryUseCaseMock.swift */,
			);
			path = Dashboard;
			sourceTree = "<group>";
		};
		21E4A5ED263DF6D400635D12 /* Data */ = {
			isa = PBXGroup;
			children = (
				21E4A5EF263DF6EE00635D12 /* Wallets */,
				21E4A5EE263DF6E700635D12 /* History */,
			);
			path = Data;
			sourceTree = "<group>";
		};
		21E4A5EE263DF6E700635D12 /* History */ = {
			isa = PBXGroup;
			children = (
				21E4A5F6263DF8BB00635D12 /* MoyaHistoryDataLayerTest.swift */,
				21E4A5FE263DFC6500635D12 /* histories.json */,
			);
			path = History;
			sourceTree = "<group>";
		};
		21E4A5EF263DF6EE00635D12 /* Wallets */ = {
			isa = PBXGroup;
			children = (
				21E4A5F0263DF8A400635D12 /* MoyaWalletsDataLayerTest.swift */,
				21E4A5FA263DFC3C00635D12 /* wallets.json */,
			);
			path = Wallets;
			sourceTree = "<group>";
		};
		807AB86A2584B7DF0044674A = {
			isa = PBXGroup;
			children = (
				807AB8752584B7DF0044674A /* Coins.ph */,
				807AB88C2584B7E20044674A /* Coins.phTests */,
				807AB8742584B7DF0044674A /* Products */,
				B45E6C729FE5527E51CF652D /* Pods */,
				0F895D7B40CDC1FE95CB54A0 /* Frameworks */,
			);
			sourceTree = "<group>";
		};
		807AB8742584B7DF0044674A /* Products */ = {
			isa = PBXGroup;
			children = (
				807AB8732584B7DF0044674A /* Coins.ph.app */,
				807AB8892584B7E20044674A /* Coins.phTests.xctest */,
			);
			name = Products;
			sourceTree = "<group>";
		};
		807AB8752584B7DF0044674A /* Coins.ph */ = {
			isa = PBXGroup;
			children = (
				807AB8762584B7DF0044674A /* AppDelegate.swift */,
				807AB8782584B7DF0044674A /* SceneDelegate.swift */,
				807AB87C2584B7E20044674A /* Assets.xcassets */,
				807AB8812584B7E20044674A /* LaunchScreen.storyboard */,
				807AB8842584B7E20044674A /* Info.plist */,
				807AB87E2584B7E20044674A /* Preview Content */,
			);
			path = Coins.ph;
			sourceTree = "<group>";
		};
		807AB87E2584B7E20044674A /* Preview Content */ = {
			isa = PBXGroup;
			children = (
				807AB87F2584B7E20044674A /* Preview Assets.xcassets */,
			);
			path = "Preview Content";
			sourceTree = "<group>";
		};
		807AB88C2584B7E20044674A /* Coins.phTests */ = {
			isa = PBXGroup;
			children = (
				21E4A5ED263DF6D400635D12 /* Data */,
				21E4A4FD263DD94F00635D12 /* Features */,
				21E4A4AE263DC05B00635D12 /* Helpers */,
				21E4A49F263DBD8600635D12 /* Domain */,
				807AB88F2584B7E20044674A /* Info.plist */,
			);
			path = Coins.phTests;
			sourceTree = "<group>";
		};
		B45E6C729FE5527E51CF652D /* Pods */ = {
			isa = PBXGroup;
			children = (
				C193264430435891FEB6A6FF /* Pods-clubs_n_sections.debug.xcconfig */,
				A384EB68101C879A51C249F7 /* Pods-clubs_n_sections.release.xcconfig */,
				1CE7BBF76E397EB18D48CE96 /* Pods-Coins.ph.debug.xcconfig */,
				0BEB453C88D6776B1D385DDA /* Pods-Coins.ph.release.xcconfig */,
				072E8FE16BC5519AB1C5F339 /* Pods-Coins.phTests.debug.xcconfig */,
				A251B64D36E36776731D337E /* Pods-Coins.phTests.release.xcconfig */,
			);
			path = Pods;
			sourceTree = "<group>";
		};
/* End PBXGroup section */

/* Begin PBXNativeTarget section */
		807AB8722584B7DF0044674A /* Coins.ph */ = {
			isa = PBXNativeTarget;
			buildConfigurationList = 807AB89D2584B7E20044674A /* Build configuration list for PBXNativeTarget "Coins.ph" */;
			buildPhases = (
				F9A0464ED7A97A51B79B0967 /* [CP] Check Pods Manifest.lock */,
				807AB86F2584B7DF0044674A /* Sources */,
				807AB8702584B7DF0044674A /* Frameworks */,
				807AB8712584B7DF0044674A /* Resources */,
				49DD3035A1F6ED9A96C85897 /* [CP] Embed Pods Frameworks */,
			);
			buildRules = (
			);
			dependencies = (
			);
			name = Coins.ph;
			productName = clubs_n_sections;
			productReference = 807AB8732584B7DF0044674A /* Coins.ph.app */;
			productType = "com.apple.product-type.application";
		};
		807AB8882584B7E20044674A /* Coins.phTests */ = {
			isa = PBXNativeTarget;
			buildConfigurationList = 807AB8A02584B7E20044674A /* Build configuration list for PBXNativeTarget "Coins.phTests" */;
			buildPhases = (
				FDF2568989B65D07E482DA25 /* [CP] Check Pods Manifest.lock */,
				807AB8852584B7E20044674A /* Sources */,
				807AB8862584B7E20044674A /* Frameworks */,
				807AB8872584B7E20044674A /* Resources */,
				8E3837B522E664CB9B0065C3 /* [CP] Embed Pods Frameworks */,
			);
			buildRules = (
			);
			dependencies = (
				807AB88B2584B7E20044674A /* PBXTargetDependency */,
			);
			name = Coins.phTests;
			productName = clubs_n_sectionsTests;
			productReference = 807AB8892584B7E20044674A /* Coins.phTests.xctest */;
			productType = "com.apple.product-type.bundle.unit-test";
		};
/* End PBXNativeTarget section */

/* Begin PBXProject section */
		807AB86B2584B7DF0044674A /* Project object */ = {
			isa = PBXProject;
			attributes = {
				LastSwiftUpdateCheck = 1220;
				LastUpgradeCheck = 1220;
				TargetAttributes = {
					807AB8722584B7DF0044674A = {
						CreatedOnToolsVersion = 12.2;
					};
					807AB8882584B7E20044674A = {
						CreatedOnToolsVersion = 12.2;
						TestTargetID = 807AB8722584B7DF0044674A;
					};
				};
			};
			buildConfigurationList = 807AB86E2584B7DF0044674A /* Build configuration list for PBXProject "Coins.ph" */;
			compatibilityVersion = "Xcode 9.3";
			developmentRegion = en;
			hasScannedForEncodings = 0;
			knownRegions = (
				en,
				Base,
			);
			mainGroup = 807AB86A2584B7DF0044674A;
			productRefGroup = 807AB8742584B7DF0044674A /* Products */;
			projectDirPath = "";
			projectRoot = "";
			targets = (
				807AB8722584B7DF0044674A /* Coins.ph */,
				807AB8882584B7E20044674A /* Coins.phTests */,
			);
		};
/* End PBXProject section */

/* Begin PBXResourcesBuildPhase section */
		807AB8712584B7DF0044674A /* Resources */ = {
			isa = PBXResourcesBuildPhase;
			buildActionMask = 2147483647;
			files = (
				807AB8832584B7E20044674A /* LaunchScreen.storyboard in Resources */,
				807AB8802584B7E20044674A /* Preview Assets.xcassets in Resources */,
				807AB87D2584B7E20044674A /* Assets.xcassets in Resources */,
			);
			runOnlyForDeploymentPostprocessing = 0;
		};
		807AB8872584B7E20044674A /* Resources */ = {
			isa = PBXResourcesBuildPhase;
			buildActionMask = 2147483647;
			files = (
				21E4A5FF263DFC6500635D12 /* histories.json in Resources */,
				21E4A5FB263DFC3C00635D12 /* wallets.json in Resources */,
			);
			runOnlyForDeploymentPostprocessing = 0;
		};
/* End PBXResourcesBuildPhase section */

/* Begin PBXShellScriptBuildPhase section */
		49DD3035A1F6ED9A96C85897 /* [CP] Embed Pods Frameworks */ = {
			isa = PBXShellScriptBuildPhase;
			buildActionMask = 2147483647;
			files = (
			);
			inputFileListPaths = (
			);
			name = "[CP] Embed Pods Frameworks";
			outputFileListPaths = (
			);
			runOnlyForDeploymentPostprocessing = 0;
			shellPath = /bin/sh;
			shellScript = "\"${PODS_ROOT}/Target Support Files/Pods-Coins.ph/Pods-Coins.ph-frameworks.sh\"\n";
			showEnvVarsInLog = 0;
		};
		8E3837B522E664CB9B0065C3 /* [CP] Embed Pods Frameworks */ = {
			isa = PBXShellScriptBuildPhase;
			buildActionMask = 2147483647;
			files = (
			);
			inputFileListPaths = (
			);
			name = "[CP] Embed Pods Frameworks";
			outputFileListPaths = (
			);
			runOnlyForDeploymentPostprocessing = 0;
			shellPath = /bin/sh;
			shellScript = "\"${PODS_ROOT}/Target Support Files/Pods-Coins.phTests/Pods-Coins.phTests-frameworks.sh\"\n";
			showEnvVarsInLog = 0;
		};
		F9A0464ED7A97A51B79B0967 /* [CP] Check Pods Manifest.lock */ = {
			isa = PBXShellScriptBuildPhase;
			buildActionMask = 2147483647;
			files = (
			);
			inputFileListPaths = (
			);
			inputPaths = (
				"${PODS_PODFILE_DIR_PATH}/Podfile.lock",
				"${PODS_ROOT}/Manifest.lock",
			);
			name = "[CP] Check Pods Manifest.lock";
			outputFileListPaths = (
			);
			outputPaths = (
				"$(DERIVED_FILE_DIR)/Pods-Coins.ph-checkManifestLockResult.txt",
			);
			runOnlyForDeploymentPostprocessing = 0;
			shellPath = /bin/sh;
			shellScript = "diff \"${PODS_PODFILE_DIR_PATH}/Podfile.lock\" \"${PODS_ROOT}/Manifest.lock\" > /dev/null\nif [ $? != 0 ] ; then\n    # print error to STDERR\n    echo \"error: The sandbox is not in sync with the Podfile.lock. Run 'pod install' or update your CocoaPods installation.\" >&2\n    exit 1\nfi\n# This output is used by Xcode 'outputs' to avoid re-running this script phase.\necho \"SUCCESS\" > \"${SCRIPT_OUTPUT_FILE_0}\"\n";
			showEnvVarsInLog = 0;
		};
		FDF2568989B65D07E482DA25 /* [CP] Check Pods Manifest.lock */ = {
			isa = PBXShellScriptBuildPhase;
			buildActionMask = 2147483647;
			files = (
			);
			inputFileListPaths = (
			);
			inputPaths = (
				"${PODS_PODFILE_DIR_PATH}/Podfile.lock",
				"${PODS_ROOT}/Manifest.lock",
			);
			name = "[CP] Check Pods Manifest.lock";
			outputFileListPaths = (
			);
			outputPaths = (
				"$(DERIVED_FILE_DIR)/Pods-Coins.phTests-checkManifestLockResult.txt",
			);
			runOnlyForDeploymentPostprocessing = 0;
			shellPath = /bin/sh;
			shellScript = "diff \"${PODS_PODFILE_DIR_PATH}/Podfile.lock\" \"${PODS_ROOT}/Manifest.lock\" > /dev/null\nif [ $? != 0 ] ; then\n    # print error to STDERR\n    echo \"error: The sandbox is not in sync with the Podfile.lock. Run 'pod install' or update your CocoaPods installation.\" >&2\n    exit 1\nfi\n# This output is used by Xcode 'outputs' to avoid re-running this script phase.\necho \"SUCCESS\" > \"${SCRIPT_OUTPUT_FILE_0}\"\n";
			showEnvVarsInLog = 0;
		};
/* End PBXShellScriptBuildPhase section */

/* Begin PBXSourcesBuildPhase section */
		807AB86F2584B7DF0044674A /* Sources */ = {
			isa = PBXSourcesBuildPhase;
			buildActionMask = 2147483647;
			files = (
				807AB8772584B7DF0044674A /* AppDelegate.swift in Sources */,
				807AB8792584B7DF0044674A /* SceneDelegate.swift in Sources */,
			);
			runOnlyForDeploymentPostprocessing = 0;
		};
		807AB8852584B7E20044674A /* Sources */ = {
			isa = PBXSourcesBuildPhase;
			buildActionMask = 2147483647;
			files = (
				21E4A4F6263DD2A200635D12 /* HistoryRepositoryMock.swift in Sources */,
				21E4A4A2263DBDD700635D12 /* WalletsUseCaseStateTests.swift in Sources */,
				21E4A5F7263DF8BB00635D12 /* MoyaHistoryDataLayerTest.swift in Sources */,
				21E4A4B0263DC08700635D12 /* StubProtocol.swift in Sources */,
				21E4A4B8263DC0CB00635D12 /* WalletsUseCaseTestData.swift in Sources */,
				21E4A57A263DEFF700635D12 /* HistoryUseCaseMock.swift in Sources */,
				21E4A567263DEEAC00635D12 /* DashboardViewModelEventTest.swift in Sources */,
				21E4A5F1263DF8A400635D12 /* MoyaWalletsDataLayerTest.swift in Sources */,
				21E4A4FA263DD30900635D12 /* HistoryUseCaseTestData.swift in Sources */,
				21E4A4AA263DBF3700635D12 /* WalletRepositoryMock.swift in Sources */,
				21E4A4F0263DD27A00635D12 /* HistoryUseCaseStateTests.swift in Sources */,
				21E4A576263DEFE100635D12 /* WalletUseCaseMock.swift in Sources */,
				21E4A4EB263DCE8D00635D12 /* Array+StabProtocol.swift in Sources */,
			);
			runOnlyForDeploymentPostprocessing = 0;
		};
/* End PBXSourcesBuildPhase section */

/* Begin PBXTargetDependency section */
		807AB88B2584B7E20044674A /* PBXTargetDependency */ = {
			isa = PBXTargetDependency;
			target = 807AB8722584B7DF0044674A /* Coins.ph */;
			targetProxy = 807AB88A2584B7E20044674A /* PBXContainerItemProxy */;
		};
/* End PBXTargetDependency section */

/* Begin PBXVariantGroup section */
		807AB8812584B7E20044674A /* LaunchScreen.storyboard */ = {
			isa = PBXVariantGroup;
			children = (
				807AB8822584B7E20044674A /* Base */,
			);
			name = LaunchScreen.storyboard;
			sourceTree = "<group>";
		};
/* End PBXVariantGroup section */

/* Begin XCBuildConfiguration section */
		807AB89B2584B7E20044674A /* Debug */ = {
			isa = XCBuildConfiguration;
			buildSettings = {
				ALWAYS_SEARCH_USER_PATHS = NO;
				CLANG_ANALYZER_NONNULL = YES;
				CLANG_ANALYZER_NUMBER_OBJECT_CONVERSION = YES_AGGRESSIVE;
				CLANG_CXX_LANGUAGE_STANDARD = "gnu++14";
				CLANG_CXX_LIBRARY = "libc++";
				CLANG_ENABLE_MODULES = YES;
				CLANG_ENABLE_OBJC_ARC = YES;
				CLANG_ENABLE_OBJC_WEAK = YES;
				CLANG_WARN_BLOCK_CAPTURE_AUTORELEASING = YES;
				CLANG_WARN_BOOL_CONVERSION = YES;
				CLANG_WARN_COMMA = YES;
				CLANG_WARN_CONSTANT_CONVERSION = YES;
				CLANG_WARN_DEPRECATED_OBJC_IMPLEMENTATIONS = YES;
				CLANG_WARN_DIRECT_OBJC_ISA_USAGE = YES_ERROR;
				CLANG_WARN_DOCUMENTATION_COMMENTS = YES;
				CLANG_WARN_EMPTY_BODY = YES;
				CLANG_WARN_ENUM_CONVERSION = YES;
				CLANG_WARN_INFINITE_RECURSION = YES;
				CLANG_WARN_INT_CONVERSION = YES;
				CLANG_WARN_NON_LITERAL_NULL_CONVERSION = YES;
				CLANG_WARN_OBJC_IMPLICIT_RETAIN_SELF = YES;
				CLANG_WARN_OBJC_LITERAL_CONVERSION = YES;
				CLANG_WARN_OBJC_ROOT_CLASS = YES_ERROR;
				CLANG_WARN_QUOTED_INCLUDE_IN_FRAMEWORK_HEADER = YES;
				CLANG_WARN_RANGE_LOOP_ANALYSIS = YES;
				CLANG_WARN_STRICT_PROTOTYPES = YES;
				CLANG_WARN_SUSPICIOUS_MOVE = YES;
				CLANG_WARN_UNGUARDED_AVAILABILITY = YES_AGGRESSIVE;
				CLANG_WARN_UNREACHABLE_CODE = YES;
				CLANG_WARN__DUPLICATE_METHOD_MATCH = YES;
				COPY_PHASE_STRIP = NO;
				DEBUG_INFORMATION_FORMAT = dwarf;
				ENABLE_STRICT_OBJC_MSGSEND = YES;
				ENABLE_TESTABILITY = YES;
				GCC_C_LANGUAGE_STANDARD = gnu11;
				GCC_DYNAMIC_NO_PIC = NO;
				GCC_NO_COMMON_BLOCKS = YES;
				GCC_OPTIMIZATION_LEVEL = 0;
				GCC_PREPROCESSOR_DEFINITIONS = (
					"DEBUG=1",
					"$(inherited)",
				);
				GCC_WARN_64_TO_32_BIT_CONVERSION = YES;
				GCC_WARN_ABOUT_RETURN_TYPE = YES_ERROR;
				GCC_WARN_UNDECLARED_SELECTOR = YES;
				GCC_WARN_UNINITIALIZED_AUTOS = YES_AGGRESSIVE;
				GCC_WARN_UNUSED_FUNCTION = YES;
				GCC_WARN_UNUSED_VARIABLE = YES;
				INFOPLIST_FILE = coins.ph/info.plist;
				IPHONEOS_DEPLOYMENT_TARGET = 13.0;
				MTL_ENABLE_DEBUG_INFO = INCLUDE_SOURCE;
				MTL_FAST_MATH = YES;
				ONLY_ACTIVE_ARCH = YES;
				SDKROOT = iphoneos;
				SWIFT_ACTIVE_COMPILATION_CONDITIONS = DEBUG;
				SWIFT_OPTIMIZATION_LEVEL = "-Onone";
			};
			name = Debug;
		};
		807AB89C2584B7E20044674A /* Release */ = {
			isa = XCBuildConfiguration;
			buildSettings = {
				ALWAYS_SEARCH_USER_PATHS = NO;
				CLANG_ANALYZER_NONNULL = YES;
				CLANG_ANALYZER_NUMBER_OBJECT_CONVERSION = YES_AGGRESSIVE;
				CLANG_CXX_LANGUAGE_STANDARD = "gnu++14";
				CLANG_CXX_LIBRARY = "libc++";
				CLANG_ENABLE_MODULES = YES;
				CLANG_ENABLE_OBJC_ARC = YES;
				CLANG_ENABLE_OBJC_WEAK = YES;
				CLANG_WARN_BLOCK_CAPTURE_AUTORELEASING = YES;
				CLANG_WARN_BOOL_CONVERSION = YES;
				CLANG_WARN_COMMA = YES;
				CLANG_WARN_CONSTANT_CONVERSION = YES;
				CLANG_WARN_DEPRECATED_OBJC_IMPLEMENTATIONS = YES;
				CLANG_WARN_DIRECT_OBJC_ISA_USAGE = YES_ERROR;
				CLANG_WARN_DOCUMENTATION_COMMENTS = YES;
				CLANG_WARN_EMPTY_BODY = YES;
				CLANG_WARN_ENUM_CONVERSION = YES;
				CLANG_WARN_INFINITE_RECURSION = YES;
				CLANG_WARN_INT_CONVERSION = YES;
				CLANG_WARN_NON_LITERAL_NULL_CONVERSION = YES;
				CLANG_WARN_OBJC_IMPLICIT_RETAIN_SELF = YES;
				CLANG_WARN_OBJC_LITERAL_CONVERSION = YES;
				CLANG_WARN_OBJC_ROOT_CLASS = YES_ERROR;
				CLANG_WARN_QUOTED_INCLUDE_IN_FRAMEWORK_HEADER = YES;
				CLANG_WARN_RANGE_LOOP_ANALYSIS = YES;
				CLANG_WARN_STRICT_PROTOTYPES = YES;
				CLANG_WARN_SUSPICIOUS_MOVE = YES;
				CLANG_WARN_UNGUARDED_AVAILABILITY = YES_AGGRESSIVE;
				CLANG_WARN_UNREACHABLE_CODE = YES;
				CLANG_WARN__DUPLICATE_METHOD_MATCH = YES;
				COPY_PHASE_STRIP = NO;
				DEBUG_INFORMATION_FORMAT = "dwarf-with-dsym";
				ENABLE_NS_ASSERTIONS = NO;
				ENABLE_STRICT_OBJC_MSGSEND = YES;
				GCC_C_LANGUAGE_STANDARD = gnu11;
				GCC_NO_COMMON_BLOCKS = YES;
				GCC_WARN_64_TO_32_BIT_CONVERSION = YES;
				GCC_WARN_ABOUT_RETURN_TYPE = YES_ERROR;
				GCC_WARN_UNDECLARED_SELECTOR = YES;
				GCC_WARN_UNINITIALIZED_AUTOS = YES_AGGRESSIVE;
				GCC_WARN_UNUSED_FUNCTION = YES;
				GCC_WARN_UNUSED_VARIABLE = YES;
				IPHONEOS_DEPLOYMENT_TARGET = 13.0;
				MTL_ENABLE_DEBUG_INFO = NO;
				MTL_FAST_MATH = YES;
				SDKROOT = iphoneos;
				SWIFT_COMPILATION_MODE = wholemodule;
				SWIFT_OPTIMIZATION_LEVEL = "-O";
				VALIDATE_PRODUCT = YES;
			};
			name = Release;
		};
		807AB89E2584B7E20044674A /* Debug */ = {
			isa = XCBuildConfiguration;
			baseConfigurationReference = 1CE7BBF76E397EB18D48CE96 /* Pods-Coins.ph.debug.xcconfig */;
			buildSettings = {
				ASSETCATALOG_COMPILER_APPICON_NAME = AppIcon;
				ASSETCATALOG_COMPILER_GLOBAL_ACCENT_COLOR_NAME = AccentColor;
				CODE_SIGN_IDENTITY = "Apple Development";
				CODE_SIGN_STYLE = Automatic;
				DEVELOPMENT_ASSET_PATHS = "\"Coins.ph/Preview Content\"";
				DEVELOPMENT_TEAM = 5D4VP52UZN;
				ENABLE_PREVIEWS = YES;
				INFOPLIST_FILE = Coins.ph/Info.plist;
				LD_RUNPATH_SEARCH_PATHS = (
					"$(inherited)",
					"@executable_path/Frameworks",
				);
				PRODUCT_BUNDLE_IDENTIFIER = com.bring.up.all.coins_ph;
				PRODUCT_NAME = "$(TARGET_NAME)";
				PROVISIONING_PROFILE_SPECIFIER = "";
				SWIFT_VERSION = 5.0;
				TARGETED_DEVICE_FAMILY = "1,2";
			};
			name = Debug;
		};
		807AB89F2584B7E20044674A /* Release */ = {
			isa = XCBuildConfiguration;
			baseConfigurationReference = 0BEB453C88D6776B1D385DDA /* Pods-Coins.ph.release.xcconfig */;
			buildSettings = {
				ASSETCATALOG_COMPILER_APPICON_NAME = AppIcon;
				ASSETCATALOG_COMPILER_GLOBAL_ACCENT_COLOR_NAME = AccentColor;
				CODE_SIGN_IDENTITY = "Apple Development";
				CODE_SIGN_STYLE = Automatic;
				DEVELOPMENT_ASSET_PATHS = "\"Coins.ph/Preview Content\"";
				DEVELOPMENT_TEAM = 5D4VP52UZN;
				ENABLE_PREVIEWS = YES;
				INFOPLIST_FILE = Coins.ph/Info.plist;
				LD_RUNPATH_SEARCH_PATHS = (
					"$(inherited)",
					"@executable_path/Frameworks",
				);
				PRODUCT_BUNDLE_IDENTIFIER = com.bring.up.all.coins_ph;
				PRODUCT_NAME = "$(TARGET_NAME)";
				PROVISIONING_PROFILE_SPECIFIER = "";
				SWIFT_VERSION = 5.0;
				TARGETED_DEVICE_FAMILY = "1,2";
			};
			name = Release;
		};
		807AB8A12584B7E20044674A /* Debug */ = {
			isa = XCBuildConfiguration;
			baseConfigurationReference = 072E8FE16BC5519AB1C5F339 /* Pods-Coins.phTests.debug.xcconfig */;
			buildSettings = {
				ALWAYS_EMBED_SWIFT_STANDARD_LIBRARIES = YES;
				BUNDLE_LOADER = "$(TEST_HOST)";
				CODE_SIGN_STYLE = Automatic;
				DEVELOPMENT_TEAM = 5D4VP52UZN;
				INFOPLIST_FILE = Coins.phTests/Info.plist;
				IPHONEOS_DEPLOYMENT_TARGET = 13.0;
				LD_RUNPATH_SEARCH_PATHS = (
					"$(inherited)",
					"@executable_path/Frameworks",
					"@loader_path/Frameworks",
				);
				PRODUCT_BUNDLE_IDENTIFIER = com.bring.up.all.coins_phTests;
				PRODUCT_NAME = "$(TARGET_NAME)";
				SWIFT_VERSION = 5.0;
				TARGETED_DEVICE_FAMILY = "1,2";
				TEST_HOST = "$(BUILT_PRODUCTS_DIR)/Coins.ph.app/Coins.ph";
			};
			name = Debug;
		};
		807AB8A22584B7E20044674A /* Release */ = {
			isa = XCBuildConfiguration;
			baseConfigurationReference = A251B64D36E36776731D337E /* Pods-Coins.phTests.release.xcconfig */;
			buildSettings = {
				ALWAYS_EMBED_SWIFT_STANDARD_LIBRARIES = YES;
				BUNDLE_LOADER = "$(TEST_HOST)";
				CODE_SIGN_STYLE = Automatic;
				DEVELOPMENT_TEAM = 5D4VP52UZN;
				INFOPLIST_FILE = Coins.phTests/Info.plist;
				IPHONEOS_DEPLOYMENT_TARGET = 13.0;
				LD_RUNPATH_SEARCH_PATHS = (
					"$(inherited)",
					"@executable_path/Frameworks",
					"@loader_path/Frameworks",
				);
				PRODUCT_BUNDLE_IDENTIFIER = com.bring.up.all.coins_phTests;
				PRODUCT_NAME = "$(TARGET_NAME)";
				SWIFT_VERSION = 5.0;
				TARGETED_DEVICE_FAMILY = "1,2";
				TEST_HOST = "$(BUILT_PRODUCTS_DIR)/Coins.ph.app/Coins.ph";
			};
			name = Release;
		};
/* End XCBuildConfiguration section */

/* Begin XCConfigurationList section */
		807AB86E2584B7DF0044674A /* Build configuration list for PBXProject "Coins.ph" */ = {
			isa = XCConfigurationList;
			buildConfigurations = (
				807AB89B2584B7E20044674A /* Debug */,
				807AB89C2584B7E20044674A /* Release */,
			);
			defaultConfigurationIsVisible = 0;
			defaultConfigurationName = Release;
		};
		807AB89D2584B7E20044674A /* Build configuration list for PBXNativeTarget "Coins.ph" */ = {
			isa = XCConfigurationList;
			buildConfigurations = (
				807AB89E2584B7E20044674A /* Debug */,
				807AB89F2584B7E20044674A /* Release */,
			);
			defaultConfigurationIsVisible = 0;
			defaultConfigurationName = Release;
		};
		807AB8A02584B7E20044674A /* Build configuration list for PBXNativeTarget "Coins.phTests" */ = {
			isa = XCConfigurationList;
			buildConfigurations = (
				807AB8A12584B7E20044674A /* Debug */,
				807AB8A22584B7E20044674A /* Release */,
			);
			defaultConfigurationIsVisible = 0;
			defaultConfigurationName = Release;
		};
/* End XCConfigurationList section */
	};
	rootObject = 807AB86B2584B7DF0044674A /* Project object */;
}
